// !$*UTF8*$!
{
	archiveVersion = 1;
	classes = {
	};
	objectVersion = 46;
	objects = {

/* Begin PBXBuildFile section */
		74E9368B1EFA183A00230140 /* AppDelegate.swift in Sources */ = {isa = PBXBuildFile; fileRef = 74E9368A1EFA183A00230140 /* AppDelegate.swift */; };
		74E9368D1EFA183A00230140 /* ViewController.swift in Sources */ = {isa = PBXBuildFile; fileRef = 74E9368C1EFA183A00230140 /* ViewController.swift */; };
		74E936901EFA183A00230140 /* Main.storyboard in Resources */ = {isa = PBXBuildFile; fileRef = 74E9368E1EFA183A00230140 /* Main.storyboard */; };
		74E936931EFA183A00230140 /* Medic.xcdatamodeld in Sources */ = {isa = PBXBuildFile; fileRef = 74E936911EFA183A00230140 /* Medic.xcdatamodeld */; };
		74E936951EFA183A00230140 /* Assets.xcassets in Resources */ = {isa = PBXBuildFile; fileRef = 74E936941EFA183A00230140 /* Assets.xcassets */; };
		74E936981EFA183A00230140 /* LaunchScreen.storyboard in Resources */ = {isa = PBXBuildFile; fileRef = 74E936961EFA183A00230140 /* LaunchScreen.storyboard */; };
		74E936A31EFA183A00230140 /* MedicTests.swift in Sources */ = {isa = PBXBuildFile; fileRef = 74E936A21EFA183A00230140 /* MedicTests.swift */; };
		74E936AE1EFA183A00230140 /* MedicUITests.swift in Sources */ = {isa = PBXBuildFile; fileRef = 74E936AD1EFA183A00230140 /* MedicUITests.swift */; };
/* End PBXBuildFile section */

/* Begin PBXContainerItemProxy section */
		74E9369F1EFA183A00230140 /* PBXContainerItemProxy */ = {
			isa = PBXContainerItemProxy;
			containerPortal = 74E9367F1EFA183A00230140 /* Project object */;
			proxyType = 1;
			remoteGlobalIDString = 74E936861EFA183A00230140;
			remoteInfo = Medic;
		};
		74E936AA1EFA183A00230140 /* PBXContainerItemProxy */ = {
			isa = PBXContainerItemProxy;
			containerPortal = 74E9367F1EFA183A00230140 /* Project object */;
			proxyType = 1;
			remoteGlobalIDString = 74E936861EFA183A00230140;
			remoteInfo = Medic;
		};
/* End PBXContainerItemProxy section */

/* Begin PBXFileReference section */
		74E936871EFA183A00230140 /* Medic.app */ = {isa = PBXFileReference; explicitFileType = wrapper.application; includeInIndex = 0; path = Medic.app; sourceTree = BUILT_PRODUCTS_DIR; };
		74E9368A1EFA183A00230140 /* AppDelegate.swift */ = {isa = PBXFileReference; lastKnownFileType = sourcecode.swift; path = AppDelegate.swift; sourceTree = "<group>"; };
		74E9368C1EFA183A00230140 /* ViewController.swift */ = {isa = PBXFileReference; lastKnownFileType = sourcecode.swift; path = ViewController.swift; sourceTree = "<group>"; };
		74E9368F1EFA183A00230140 /* Base */ = {isa = PBXFileReference; lastKnownFileType = file.storyboard; name = Base; path = Base.lproj/Main.storyboard; sourceTree = "<group>"; };
		74E936921EFA183A00230140 /* Medic.xcdatamodel */ = {isa = PBXFileReference; lastKnownFileType = wrapper.xcdatamodel; path = Medic.xcdatamodel; sourceTree = "<group>"; };
		74E936941EFA183A00230140 /* Assets.xcassets */ = {isa = PBXFileReference; lastKnownFileType = folder.assetcatalog; path = Assets.xcassets; sourceTree = "<group>"; };
		74E936971EFA183A00230140 /* Base */ = {isa = PBXFileReference; lastKnownFileType = file.storyboard; name = Base; path = Base.lproj/LaunchScreen.storyboard; sourceTree = "<group>"; };
		74E936991EFA183A00230140 /* Info.plist */ = {isa = PBXFileReference; lastKnownFileType = text.plist.xml; path = Info.plist; sourceTree = "<group>"; };
		74E9369E1EFA183A00230140 /* MedicTests.xctest */ = {isa = PBXFileReference; explicitFileType = wrapper.cfbundle; includeInIndex = 0; path = MedicTests.xctest; sourceTree = BUILT_PRODUCTS_DIR; };
		74E936A21EFA183A00230140 /* MedicTests.swift */ = {isa = PBXFileReference; lastKnownFileType = sourcecode.swift; path = MedicTests.swift; sourceTree = "<group>"; };
		74E936A41EFA183A00230140 /* Info.plist */ = {isa = PBXFileReference; lastKnownFileType = text.plist.xml; path = Info.plist; sourceTree = "<group>"; };
		74E936A91EFA183A00230140 /* MedicUITests.xctest */ = {isa = PBXFileReference; explicitFileType = wrapper.cfbundle; includeInIndex = 0; path = MedicUITests.xctest; sourceTree = BUILT_PRODUCTS_DIR; };
		74E936AD1EFA183A00230140 /* MedicUITests.swift */ = {isa = PBXFileReference; lastKnownFileType = sourcecode.swift; path = MedicUITests.swift; sourceTree = "<group>"; };
		74E936AF1EFA183A00230140 /* Info.plist */ = {isa = PBXFileReference; lastKnownFileType = text.plist.xml; path = Info.plist; sourceTree = "<group>"; };
/* End PBXFileReference section */

/* Begin PBXFrameworksBuildPhase section */
		74E936841EFA183A00230140 /* Frameworks */ = {
			isa = PBXFrameworksBuildPhase;
			buildActionMask = 2147483647;
			files = (
			);
			runOnlyForDeploymentPostprocessing = 0;
		};
		74E9369B1EFA183A00230140 /* Frameworks */ = {
			isa = PBXFrameworksBuildPhase;
			buildActionMask = 2147483647;
			files = (
			);
			runOnlyForDeploymentPostprocessing = 0;
		};
		74E936A61EFA183A00230140 /* Frameworks */ = {
			isa = PBXFrameworksBuildPhase;
			buildActionMask = 2147483647;
			files = (
			);
			runOnlyForDeploymentPostprocessing = 0;
		};
/* End PBXFrameworksBuildPhase section */

/* Begin PBXGroup section */
		74E9367E1EFA183A00230140 = {
			isa = PBXGroup;
			children = (
				74E936891EFA183A00230140 /* Medic */,
				74E936A11EFA183A00230140 /* MedicTests */,
				74E936AC1EFA183A00230140 /* MedicUITests */,
				74E936881EFA183A00230140 /* Products */,
			);
			sourceTree = "<group>";
		};
		74E936881EFA183A00230140 /* Products */ = {
			isa = PBXGroup;
			children = (
				74E936871EFA183A00230140 /* Medic.app */,
				74E9369E1EFA183A00230140 /* MedicTests.xctest */,
				74E936A91EFA183A00230140 /* MedicUITests.xctest */,
			);
			name = Products;
			sourceTree = "<group>";
		};
		74E936891EFA183A00230140 /* Medic */ = {
			isa = PBXGroup;
			children = (
				74E9368A1EFA183A00230140 /* AppDelegate.swift */,
				74E9368C1EFA183A00230140 /* ViewController.swift */,
				74E9368E1EFA183A00230140 /* Main.storyboard */,
				74E936941EFA183A00230140 /* Assets.xcassets */,
				74E936961EFA183A00230140 /* LaunchScreen.storyboard */,
				74E936991EFA183A00230140 /* Info.plist */,
				74E936911EFA183A00230140 /* Medic.xcdatamodeld */,
			);
			path = Medic;
			sourceTree = "<group>";
		};
		74E936A11EFA183A00230140 /* MedicTests */ = {
			isa = PBXGroup;
			children = (
				74E936A21EFA183A00230140 /* MedicTests.swift */,
				74E936A41EFA183A00230140 /* Info.plist */,
			);
			path = MedicTests;
			sourceTree = "<group>";
		};
		74E936AC1EFA183A00230140 /* MedicUITests */ = {
			isa = PBXGroup;
			children = (
				74E936AD1EFA183A00230140 /* MedicUITests.swift */,
				74E936AF1EFA183A00230140 /* Info.plist */,
			);
			path = MedicUITests;
			sourceTree = "<group>";
		};
/* End PBXGroup section */

/* Begin PBXNativeTarget section */
		74E936861EFA183A00230140 /* Medic */ = {
			isa = PBXNativeTarget;
			buildConfigurationList = 74E936B21EFA183A00230140 /* Build configuration list for PBXNativeTarget "Medic" */;
			buildPhases = (
				74E936831EFA183A00230140 /* Sources */,
				74E936841EFA183A00230140 /* Frameworks */,
				74E936851EFA183A00230140 /* Resources */,
			);
			buildRules = (
			);
			dependencies = (
			);
			name = Medic;
			productName = Medic;
			productReference = 74E936871EFA183A00230140 /* Medic.app */;
			productType = "com.apple.product-type.application";
		};
		74E9369D1EFA183A00230140 /* MedicTests */ = {
			isa = PBXNativeTarget;
			buildConfigurationList = 74E936B51EFA183A00230140 /* Build configuration list for PBXNativeTarget "MedicTests" */;
			buildPhases = (
				74E9369A1EFA183A00230140 /* Sources */,
				74E9369B1EFA183A00230140 /* Frameworks */,
				74E9369C1EFA183A00230140 /* Resources */,
			);
			buildRules = (
			);
			dependencies = (
				74E936A01EFA183A00230140 /* PBXTargetDependency */,
			);
			name = MedicTests;
			productName = MedicTests;
			productReference = 74E9369E1EFA183A00230140 /* MedicTests.xctest */;
			productType = "com.apple.product-type.bundle.unit-test";
		};
		74E936A81EFA183A00230140 /* MedicUITests */ = {
			isa = PBXNativeTarget;
			buildConfigurationList = 74E936B81EFA183A00230140 /* Build configuration list for PBXNativeTarget "MedicUITests" */;
			buildPhases = (
				74E936A51EFA183A00230140 /* Sources */,
				74E936A61EFA183A00230140 /* Frameworks */,
				74E936A71EFA183A00230140 /* Resources */,
			);
			buildRules = (
			);
			dependencies = (
				74E936AB1EFA183A00230140 /* PBXTargetDependency */,
			);
			name = MedicUITests;
			productName = MedicUITests;
			productReference = 74E936A91EFA183A00230140 /* MedicUITests.xctest */;
			productType = "com.apple.product-type.bundle.ui-testing";
		};
/* End PBXNativeTarget section */

/* Begin PBXProject section */
		74E9367F1EFA183A00230140 /* Project object */ = {
			isa = PBXProject;
			attributes = {
				LastSwiftUpdateCheck = 0830;
				LastUpgradeCheck = 0830;
				ORGANIZATIONNAME = "Mobile Medic";
				TargetAttributes = {
					74E936861EFA183A00230140 = {
						CreatedOnToolsVersion = 8.3.3;
						DevelopmentTeam = KZ7MB365QT;
						ProvisioningStyle = Automatic;
					};
					74E9369D1EFA183A00230140 = {
						CreatedOnToolsVersion = 8.3.3;
						DevelopmentTeam = KZ7MB365QT;
						ProvisioningStyle = Automatic;
						TestTargetID = 74E936861EFA183A00230140;
					};
					74E936A81EFA183A00230140 = {
						CreatedOnToolsVersion = 8.3.3;
						DevelopmentTeam = KZ7MB365QT;
						ProvisioningStyle = Automatic;
						TestTargetID = 74E936861EFA183A00230140;
					};
				};
			};
			buildConfigurationList = 74E936821EFA183A00230140 /* Build configuration list for PBXProject "Medic" */;
			compatibilityVersion = "Xcode 3.2";
			developmentRegion = English;
			hasScannedForEncodings = 0;
			knownRegions = (
				en,
				Base,
			);
			mainGroup = 74E9367E1EFA183A00230140;
			productRefGroup = 74E936881EFA183A00230140 /* Products */;
			projectDirPath = "";
			projectRoot = "";
			targets = (
				74E936861EFA183A00230140 /* Medic */,
				74E9369D1EFA183A00230140 /* MedicTests */,
				74E936A81EFA183A00230140 /* MedicUITests */,
			);
		};
/* End PBXProject section */

/* Begin PBXResourcesBuildPhase section */
		74E936851EFA183A00230140 /* Resources */ = {
			isa = PBXResourcesBuildPhase;
			buildActionMask = 2147483647;
			files = (
				74E936981EFA183A00230140 /* LaunchScreen.storyboard in Resources */,
				74E936951EFA183A00230140 /* Assets.xcassets in Resources */,
				74E936901EFA183A00230140 /* Main.storyboard in Resources */,
			);
			runOnlyForDeploymentPostprocessing = 0;
		};
		74E9369C1EFA183A00230140 /* Resources */ = {
			isa = PBXResourcesBuildPhase;
			buildActionMask = 2147483647;
			files = (
			);
			runOnlyForDeploymentPostprocessing = 0;
		};
		74E936A71EFA183A00230140 /* Resources */ = {
			isa = PBXResourcesBuildPhase;
			buildActionMask = 2147483647;
			files = (
			);
			runOnlyForDeploymentPostprocessing = 0;
		};
/* End PBXResourcesBuildPhase section */

/* Begin PBXSourcesBuildPhase section */
		74E936831EFA183A00230140 /* Sources */ = {
			isa = PBXSourcesBuildPhase;
			buildActionMask = 2147483647;
			files = (
				74E9368D1EFA183A00230140 /* ViewController.swift in Sources */,
				74E9368B1EFA183A00230140 /* AppDelegate.swift in Sources */,
				74E936931EFA183A00230140 /* Medic.xcdatamodeld in Sources */,
			);
			runOnlyForDeploymentPostprocessing = 0;
		};
		74E9369A1EFA183A00230140 /* Sources */ = {
			isa = PBXSourcesBuildPhase;
			buildActionMask = 2147483647;
			files = (
				74E936A31EFA183A00230140 /* MedicTests.swift in Sources */,
			);
			runOnlyForDeploymentPostprocessing = 0;
		};
		74E936A51EFA183A00230140 /* Sources */ = {
			isa = PBXSourcesBuildPhase;
			buildActionMask = 2147483647;
			files = (
				74E936AE1EFA183A00230140 /* MedicUITests.swift in Sources */,
			);
			runOnlyForDeploymentPostprocessing = 0;
		};
/* End PBXSourcesBuildPhase section */

/* Begin PBXTargetDependency section */
		74E936A01EFA183A00230140 /* PBXTargetDependency */ = {
			isa = PBXTargetDependency;
			target = 74E936861EFA183A00230140 /* Medic */;
			targetProxy = 74E9369F1EFA183A00230140 /* PBXContainerItemProxy */;
		};
		74E936AB1EFA183A00230140 /* PBXTargetDependency */ = {
			isa = PBXTargetDependency;
			target = 74E936861EFA183A00230140 /* Medic */;
			targetProxy = 74E936AA1EFA183A00230140 /* PBXContainerItemProxy */;
		};
/* End PBXTargetDependency section */

/* Begin PBXVariantGroup section */
		74E9368E1EFA183A00230140 /* Main.storyboard */ = {
			isa = PBXVariantGroup;
			children = (
				74E9368F1EFA183A00230140 /* Base */,
			);
			name = Main.storyboard;
			sourceTree = "<group>";
		};
		74E936961EFA183A00230140 /* LaunchScreen.storyboard */ = {
			isa = PBXVariantGroup;
			children = (
				74E936971EFA183A00230140 /* Base */,
			);
			name = LaunchScreen.storyboard;
			sourceTree = "<group>";
		};
/* End PBXVariantGroup section */

/* Begin XCBuildConfiguration section */
		74E936B01EFA183A00230140 /* Debug */ = {
			isa = XCBuildConfiguration;
			buildSettings = {
				ALWAYS_SEARCH_USER_PATHS = NO;
				CLANG_ANALYZER_NONNULL = YES;
				CLANG_ANALYZER_NUMBER_OBJECT_CONVERSION = YES_AGGRESSIVE;
				CLANG_CXX_LANGUAGE_STANDARD = "gnu++0x";
				CLANG_CXX_LIBRARY = "libc++";
				CLANG_ENABLE_MODULES = YES;
				CLANG_ENABLE_OBJC_ARC = YES;
				CLANG_WARN_BOOL_CONVERSION = YES;
				CLANG_WARN_CONSTANT_CONVERSION = YES;
				CLANG_WARN_DIRECT_OBJC_ISA_USAGE = YES_ERROR;
				CLANG_WARN_DOCUMENTATION_COMMENTS = YES;
				CLANG_WARN_EMPTY_BODY = YES;
				CLANG_WARN_ENUM_CONVERSION = YES;
				CLANG_WARN_INFINITE_RECURSION = YES;
				CLANG_WARN_INT_CONVERSION = YES;
				CLANG_WARN_OBJC_ROOT_CLASS = YES_ERROR;
				CLANG_WARN_SUSPICIOUS_MOVE = YES;
				CLANG_WARN_UNREACHABLE_CODE = YES;
				CLANG_WARN__DUPLICATE_METHOD_MATCH = YES;
				"CODE_SIGN_IDENTITY[sdk=iphoneos*]" = "iPhone Developer";
				COPY_PHASE_STRIP = NO;
				DEBUG_INFORMATION_FORMAT = dwarf;
				ENABLE_STRICT_OBJC_MSGSEND = YES;
				ENABLE_TESTABILITY = YES;
				GCC_C_LANGUAGE_STANDARD = gnu99;
				GCC_DYNAMIC_NO_PIC = NO;
				GCC_NO_COMMON_BLOCKS = YES;
				GCC_OPTIMIZATION_LEVEL = 0;
				GCC_PREPROCESSOR_DEFINITIONS = (
					"DEBUG=1",
					"$(inherited)",
				);
				GCC_WARN_64_TO_32_BIT_CONVERSION = YES;
				GCC_WARN_ABOUT_RETURN_TYPE = YES_ERROR;
				GCC_WARN_UNDECLARED_SELECTOR = YES;
				GCC_WARN_UNINITIALIZED_AUTOS = YES_AGGRESSIVE;
				GCC_WARN_UNUSED_FUNCTION = YES;
				GCC_WARN_UNUSED_VARIABLE = YES;
				IPHONEOS_DEPLOYMENT_TARGET = 10.3;
				MTL_ENABLE_DEBUG_INFO = YES;
				ONLY_ACTIVE_ARCH = YES;
				SDKROOT = iphoneos;
				SWIFT_ACTIVE_COMPILATION_CONDITIONS = DEBUG;
				SWIFT_OPTIMIZATION_LEVEL = "-Onone";
			};
			name = Debug;
		};
		74E936B11EFA183A00230140 /* Release */ = {
			isa = XCBuildConfiguration;
			buildSettings = {
				ALWAYS_SEARCH_USER_PATHS = NO;
				CLANG_ANALYZER_NONNULL = YES;
				CLANG_ANALYZER_NUMBER_OBJECT_CONVERSION = YES_AGGRESSIVE;
				CLANG_CXX_LANGUAGE_STANDARD = "gnu++0x";
				CLANG_CXX_LIBRARY = "libc++";
				CLANG_ENABLE_MODULES = YES;
				CLANG_ENABLE_OBJC_ARC = YES;
				CLANG_WARN_BOOL_CONVERSION = YES;
				CLANG_WARN_CONSTANT_CONVERSION = YES;
				CLANG_WARN_DIRECT_OBJC_ISA_USAGE = YES_ERROR;
				CLANG_WARN_DOCUMENTATION_COMMENTS = YES;
				CLANG_WARN_EMPTY_BODY = YES;
				CLANG_WARN_ENUM_CONVERSION = YES;
				CLANG_WARN_INFINITE_RECURSION = YES;
				CLANG_WARN_INT_CONVERSION = YES;
				CLANG_WARN_OBJC_ROOT_CLASS = YES_ERROR;
				CLANG_WARN_SUSPICIOUS_MOVE = YES;
				CLANG_WARN_UNREACHABLE_CODE = YES;
				CLANG_WARN__DUPLICATE_METHOD_MATCH = YES;
				"CODE_SIGN_IDENTITY[sdk=iphoneos*]" = "iPhone Developer";
				COPY_PHASE_STRIP = NO;
				DEBUG_INFORMATION_FORMAT = "dwarf-with-dsym";
				ENABLE_NS_ASSERTIONS = NO;
				ENABLE_STRICT_OBJC_MSGSEND = YES;
				GCC_C_LANGUAGE_STANDARD = gnu99;
				GCC_NO_COMMON_BLOCKS = YES;
				GCC_WARN_64_TO_32_BIT_CONVERSION = YES;
				GCC_WARN_ABOUT_RETURN_TYPE = YES_ERROR;
				GCC_WARN_UNDECLARED_SELECTOR = YES;
				GCC_WARN_UNINITIALIZED_AUTOS = YES_AGGRESSIVE;
				GCC_WARN_UNUSED_FUNCTION = YES;
				GCC_WARN_UNUSED_VARIABLE = YES;
				IPHONEOS_DEPLOYMENT_TARGET = 10.3;
				MTL_ENABLE_DEBUG_INFO = NO;
				SDKROOT = iphoneos;
				SWIFT_OPTIMIZATION_LEVEL = "-Owholemodule";
				VALIDATE_PRODUCT = YES;
			};
			name = Release;
		};
		74E936B31EFA183A00230140 /* Debug */ = {
			isa = XCBuildConfiguration;
			buildSettings = {
				ASSETCATALOG_COMPILER_APPICON_NAME = AppIcon;
				DEVELOPMENT_TEAM = KZ7MB365QT;
				INFOPLIST_FILE = Medic/Info.plist;
				LD_RUNPATH_SEARCH_PATHS = "$(inherited) @executable_path/Frameworks";
				PRODUCT_BUNDLE_IDENTIFIER = mobilemedic.Medic;
				PRODUCT_NAME = "$(TARGET_NAME)";
				SWIFT_VERSION = 3.0;
			};
			name = Debug;
		};
		74E936B41EFA183A00230140 /* Release */ = {
			isa = XCBuildConfiguration;
			buildSettings = {
				ASSETCATALOG_COMPILER_APPICON_NAME = AppIcon;
				DEVELOPMENT_TEAM = KZ7MB365QT;
				INFOPLIST_FILE = Medic/Info.plist;
				LD_RUNPATH_SEARCH_PATHS = "$(inherited) @executable_path/Frameworks";
				PRODUCT_BUNDLE_IDENTIFIER = mobilemedic.Medic;
				PRODUCT_NAME = "$(TARGET_NAME)";
				SWIFT_VERSION = 3.0;
			};
			name = Release;
		};
		74E936B61EFA183A00230140 /* Debug */ = {
			isa = XCBuildConfiguration;
			buildSettings = {
				ALWAYS_EMBED_SWIFT_STANDARD_LIBRARIES = YES;
				BUNDLE_LOADER = "$(TEST_HOST)";
				DEVELOPMENT_TEAM = KZ7MB365QT;
				INFOPLIST_FILE = MedicTests/Info.plist;
				LD_RUNPATH_SEARCH_PATHS = "$(inherited) @executable_path/Frameworks @loader_path/Frameworks";
				PRODUCT_BUNDLE_IDENTIFIER = mobilemedic.MedicTests;
				PRODUCT_NAME = "$(TARGET_NAME)";
				SWIFT_VERSION = 3.0;
				TEST_HOST = "$(BUILT_PRODUCTS_DIR)/Medic.app/Medic";
			};
			name = Debug;
		};
		74E936B71EFA183A00230140 /* Release */ = {
			isa = XCBuildConfiguration;
			buildSettings = {
				ALWAYS_EMBED_SWIFT_STANDARD_LIBRARIES = YES;
				BUNDLE_LOADER = "$(TEST_HOST)";
				DEVELOPMENT_TEAM = KZ7MB365QT;
				INFOPLIST_FILE = MedicTests/Info.plist;
				LD_RUNPATH_SEARCH_PATHS = "$(inherited) @executable_path/Frameworks @loader_path/Frameworks";
				PRODUCT_BUNDLE_IDENTIFIER = mobilemedic.MedicTests;
				PRODUCT_NAME = "$(TARGET_NAME)";
				SWIFT_VERSION = 3.0;
				TEST_HOST = "$(BUILT_PRODUCTS_DIR)/Medic.app/Medic";
			};
			name = Release;
		};
		74E936B91EFA183A00230140 /* Debug */ = {
			isa = XCBuildConfiguration;
			buildSettings = {
				ALWAYS_EMBED_SWIFT_STANDARD_LIBRARIES = YES;
				DEVELOPMENT_TEAM = KZ7MB365QT;
				INFOPLIST_FILE = MedicUITests/Info.plist;
				LD_RUNPATH_SEARCH_PATHS = "$(inherited) @executable_path/Frameworks @loader_path/Frameworks";
				PRODUCT_BUNDLE_IDENTIFIER = mobilemedic.MedicUITests;
				PRODUCT_NAME = "$(TARGET_NAME)";
				SWIFT_VERSION = 3.0;
				TEST_TARGET_NAME = Medic;
			};
			name = Debug;
		};
		74E936BA1EFA183A00230140 /* Release */ = {
			isa = XCBuildConfiguration;
			buildSettings = {
				ALWAYS_EMBED_SWIFT_STANDARD_LIBRARIES = YES;
				DEVELOPMENT_TEAM = KZ7MB365QT;
				INFOPLIST_FILE = MedicUITests/Info.plist;
				LD_RUNPATH_SEARCH_PATHS = "$(inherited) @executable_path/Frameworks @loader_path/Frameworks";
				PRODUCT_BUNDLE_IDENTIFIER = mobilemedic.MedicUITests;
				PRODUCT_NAME = "$(TARGET_NAME)";
				SWIFT_VERSION = 3.0;
				TEST_TARGET_NAME = Medic;
			};
			name = Release;
		};
/* End XCBuildConfiguration section */

/* Begin XCConfigurationList section */
		74E936821EFA183A00230140 /* Build configuration list for PBXProject "Medic" */ = {
			isa = XCConfigurationList;
			buildConfigurations = (
				74E936B01EFA183A00230140 /* Debug */,
				74E936B11EFA183A00230140 /* Release */,
			);
			defaultConfigurationIsVisible = 0;
			defaultConfigurationName = Release;
		};
		74E936B21EFA183A00230140 /* Build configuration list for PBXNativeTarget "Medic" */ = {
			isa = XCConfigurationList;
			buildConfigurations = (
				74E936B31EFA183A00230140 /* Debug */,
				74E936B41EFA183A00230140 /* Release */,
			);
			defaultConfigurationIsVisible = 0;
		};
		74E936B51EFA183A00230140 /* Build configuration list for PBXNativeTarget "MedicTests" */ = {
			isa = XCConfigurationList;
			buildConfigurations = (
				74E936B61EFA183A00230140 /* Debug */,
				74E936B71EFA183A00230140 /* Release */,
			);
			defaultConfigurationIsVisible = 0;
		};
		74E936B81EFA183A00230140 /* Build configuration list for PBXNativeTarget "MedicUITests" */ = {
			isa = XCConfigurationList;
			buildConfigurations = (
				74E936B91EFA183A00230140 /* Debug */,
				74E936BA1EFA183A00230140 /* Release */,
			);
			defaultConfigurationIsVisible = 0;
		};
/* End XCConfigurationList section */

/* Begin XCVersionGroup section */
		74E936911EFA183A00230140 /* Medic.xcdatamodeld */ = {
			isa = XCVersionGroup;
			children = (
				74E936921EFA183A00230140 /* Medic.xcdatamodel */,
			);
			currentVersion = 74E936921EFA183A00230140 /* Medic.xcdatamodel */;
			path = Medic.xcdatamodeld;
			sourceTree = "<group>";
			versionGroupType = wrapper.xcdatamodel;
		};
/* End XCVersionGroup section */
	};
	rootObject = 74E9367F1EFA183A00230140 /* Project object */;
}
